// !$*UTF8*$!
{
	archiveVersion = 1;
	classes = {};
	objectVersion = 56;
	objects = {

/* Begin PBXBuildFile section */
		A10000000000000000000001 /* ZodiacDailyApp.swift in Sources */ = {isa = PBXBuildFile; fileRef = B10000000000000000000001 /* ZodiacDailyApp.swift */; };
		A10000000000000000000002 /* AppModel.swift in Sources */ = {isa = PBXBuildFile; fileRef = B10000000000000000000002 /* AppModel.swift */; };
		A10000000000000000000003 /* RootView.swift in Sources */ = {isa = PBXBuildFile; fileRef = B10000000000000000000003 /* RootView.swift */; };
		A10000000000000000000004 /* ZodiacPalette.swift in Sources */ = {isa = PBXBuildFile; fileRef = B10000000000000000000004 /* ZodiacPalette.swift */; };
		A10000000000000000000005 /* TodayView.swift in Sources */ = {isa = PBXBuildFile; fileRef = B10000000000000000000005 /* TodayView.swift */; };
		A10000000000000000000006 /* DailyCardView.swift in Sources */ = {isa = PBXBuildFile; fileRef = B10000000000000000000006 /* DailyCardView.swift */; };
		A10000000000000000000007 /* SignSelectionView.swift in Sources */ = {isa = PBXBuildFile; fileRef = B10000000000000000000007 /* SignSelectionView.swift */; };
		A10000000000000000000008 /* SavedView.swift in Sources */ = {isa = PBXBuildFile; fileRef = B10000000000000000000008 /* SavedView.swift */; };
		A10000000000000000000009 /* SettingsView.swift in Sources */ = {isa = PBXBuildFile; fileRef = B10000000000000000000009 /* SettingsView.swift */; };
		A1000000000000000000000A /* ZodiacDailyCore in Frameworks */ = {isa = PBXBuildFile; productRef = I10000000000000000000001 /* ZodiacDailyCore */; };
		A1000000000000000000000B /* PrivacyInfo.xcprivacy in Resources */ = {isa = PBXBuildFile; fileRef = B1000000000000000000000B /* PrivacyInfo.xcprivacy */; };
		A1000000000000000000000C /* AppConfiguration.swift in Sources */ = {isa = PBXBuildFile; fileRef = B1000000000000000000000C /* AppConfiguration.swift */; };
		A1000000000000000000000D /* SupportStore.swift in Sources */ = {isa = PBXBuildFile; fileRef = B1000000000000000000000D /* SupportStore.swift */; };
		A1000000000000000000000E /* SupportSectionView.swift in Sources */ = {isa = PBXBuildFile; fileRef = B1000000000000000000000E /* SupportSectionView.swift */; };
		A1000000000000000000000F /* Assets.xcassets in Resources */ = {isa = PBXBuildFile; fileRef = B1000000000000000000000F /* Assets.xcassets */; };
/* End PBXBuildFile section */

/* Begin PBXFileReference section */
		B10000000000000000000001 /* ZodiacDailyApp.swift */ = {isa = PBXFileReference; lastKnownFileType = sourcecode.swift; path = ZodiacDailyApp.swift; sourceTree = "<group>"; };
		B10000000000000000000002 /* AppModel.swift */ = {isa = PBXFileReference; lastKnownFileType = sourcecode.swift; path = AppModel.swift; sourceTree = "<group>"; };
		B10000000000000000000003 /* RootView.swift */ = {isa = PBXFileReference; lastKnownFileType = sourcecode.swift; path = RootView.swift; sourceTree = "<group>"; };
		B10000000000000000000004 /* ZodiacPalette.swift */ = {isa = PBXFileReference; lastKnownFileType = sourcecode.swift; path = ZodiacPalette.swift; sourceTree = "<group>"; };
		B10000000000000000000005 /* TodayView.swift */ = {isa = PBXFileReference; lastKnownFileType = sourcecode.swift; path = TodayView.swift; sourceTree = "<group>"; };
		B10000000000000000000006 /* DailyCardView.swift */ = {isa = PBXFileReference; lastKnownFileType = sourcecode.swift; path = DailyCardView.swift; sourceTree = "<group>"; };
		B10000000000000000000007 /* SignSelectionView.swift */ = {isa = PBXFileReference; lastKnownFileType = sourcecode.swift; path = SignSelectionView.swift; sourceTree = "<group>"; };
		B10000000000000000000008 /* SavedView.swift */ = {isa = PBXFileReference; lastKnownFileType = sourcecode.swift; path = SavedView.swift; sourceTree = "<group>"; };
		B10000000000000000000009 /* SettingsView.swift */ = {isa = PBXFileReference; lastKnownFileType = sourcecode.swift; path = SettingsView.swift; sourceTree = "<group>"; };
		B1000000000000000000000A /* ZodiacDaily.app */ = {isa = PBXFileReference; explicitFileType = wrapper.application; includeInIndex = 0; path = ZodiacDaily.app; sourceTree = BUILT_PRODUCTS_DIR; };
		B1000000000000000000000B /* PrivacyInfo.xcprivacy */ = {isa = PBXFileReference; lastKnownFileType = text.xml; path = PrivacyInfo.xcprivacy; sourceTree = "<group>"; };
		B1000000000000000000000C /* AppConfiguration.swift */ = {isa = PBXFileReference; lastKnownFileType = sourcecode.swift; path = AppConfiguration.swift; sourceTree = "<group>"; };
		B1000000000000000000000D /* SupportStore.swift */ = {isa = PBXFileReference; lastKnownFileType = sourcecode.swift; path = SupportStore.swift; sourceTree = "<group>"; };
		B1000000000000000000000E /* SupportSectionView.swift */ = {isa = PBXFileReference; lastKnownFileType = sourcecode.swift; path = SupportSectionView.swift; sourceTree = "<group>"; };
		B1000000000000000000000F /* Assets.xcassets */ = {isa = PBXFileReference; lastKnownFileType = folder.assetcatalog; path = Assets.xcassets; sourceTree = "<group>"; };
/* End PBXFileReference section */

/* Begin PBXFrameworksBuildPhase section */
		D10000000000000000000001 /* Frameworks */ = {
			isa = PBXFrameworksBuildPhase;
			buildActionMask = 2147483647;
			files = (A1000000000000000000000A /* ZodiacDailyCore in Frameworks */,);
			runOnlyForDeploymentPostprocessing = 0;
		};
/* End PBXFrameworksBuildPhase section */

/* Begin PBXGroup section */
		C10000000000000000000001 = {
			isa = PBXGroup;
			children = (C10000000000000000000003 /* ZodiacDaily */, C10000000000000000000002 /* Products */,);
			sourceTree = "<group>";
		};
		C10000000000000000000002 /* Products */ = {
			isa = PBXGroup;
			children = (B1000000000000000000000A /* ZodiacDaily.app */,);
			name = Products;
			sourceTree = "<group>";
		};
		C10000000000000000000003 /* ZodiacDaily */ = {
			isa = PBXGroup;
			children = (C10000000000000000000004 /* App */, C1000000000000000000000C /* Store */, C10000000000000000000005 /* DesignSystem */, C10000000000000000000006 /* Features */, C10000000000000000000009 /* Resources */, B1000000000000000000000F /* Assets.xcassets */,);
			path = ZodiacDaily;
			sourceTree = "<group>";
		};
		C10000000000000000000004 /* App */ = {
			isa = PBXGroup;
			children = (B10000000000000000000001 /* ZodiacDailyApp.swift */, B1000000000000000000000C /* AppConfiguration.swift */, B10000000000000000000002 /* AppModel.swift */, B10000000000000000000003 /* RootView.swift */,);
			path = App;
			sourceTree = "<group>";
		};
		C10000000000000000000005 /* DesignSystem */ = {
			isa = PBXGroup;
			children = (B10000000000000000000004 /* ZodiacPalette.swift */,);
			path = DesignSystem;
			sourceTree = "<group>";
		};
		C1000000000000000000000C /* Store */ = {
			isa = PBXGroup;
			children = (B1000000000000000000000D /* SupportStore.swift */,);
			path = Store;
			sourceTree = "<group>";
		};
		C10000000000000000000006 /* Features */ = {
			isa = PBXGroup;
			children = (
				C10000000000000000000007 /* Daily */,
				C10000000000000000000008 /* SignSelection */,
				C1000000000000000000000A /* Saved */,
				C1000000000000000000000B /* Settings */,
			);
			path = Features;
			sourceTree = "<group>";
		};
		C10000000000000000000007 /* Daily */ = {
			isa = PBXGroup;
			children = (B10000000000000000000005 /* TodayView.swift */, B10000000000000000000006 /* DailyCardView.swift */,);
			path = Daily;
			sourceTree = "<group>";
		};
		C10000000000000000000008 /* SignSelection */ = {
			isa = PBXGroup;
			children = (B10000000000000000000007 /* SignSelectionView.swift */,);
			path = SignSelection;
			sourceTree = "<group>";
		};
		C1000000000000000000000A /* Saved */ = {
			isa = PBXGroup;
			children = (B10000000000000000000008 /* SavedView.swift */,);
			path = Saved;
			sourceTree = "<group>";
		};
		C1000000000000000000000B /* Settings */ = {
			isa = PBXGroup;
			children = (B10000000000000000000009 /* SettingsView.swift */, B1000000000000000000000E /* SupportSectionView.swift */,);
			path = Settings;
			sourceTree = "<group>";
		};
		C10000000000000000000009 /* Resources */ = {
			isa = PBXGroup;
			children = (B1000000000000000000000B /* PrivacyInfo.xcprivacy */,);
			path = Resources;
			sourceTree = "<group>";
		};
/* End PBXGroup section */

/* Begin PBXNativeTarget section */
		E10000000000000000000001 /* ZodiacDaily */ = {
			isa = PBXNativeTarget;
			buildConfigurationList = G10000000000000000000002 /* Build configuration list for PBXNativeTarget "ZodiacDaily" */;
			buildPhases = (D10000000000000000000002 /* Sources */, D10000000000000000000001 /* Frameworks */, D10000000000000000000003 /* Resources */,);
			buildRules = ();
			dependencies = ();
			name = ZodiacDaily;
			packageProductDependencies = (I10000000000000000000001 /* ZodiacDailyCore */,);
			productName = ZodiacDaily;
			productReference = B1000000000000000000000A /* ZodiacDaily.app */;
			productType = "com.apple.product-type.application";
		};
/* End PBXNativeTarget section */

/* Begin PBXProject section */
		E10000000000000000000002 /* Project object */ = {
			isa = PBXProject;
			attributes = {
				BuildIndependentTargetsInParallel = 1;
				LastSwiftUpdateCheck = 1600;
				LastUpgradeCheck = 1600;
				TargetAttributes = { E10000000000000000000001 = { CreatedOnToolsVersion = 16.0; }; };
			};
			buildConfigurationList = G10000000000000000000001 /* Build configuration list for PBXProject "ZodiacDaily" */;
			compatibilityVersion = "Xcode 14.0";
			developmentRegion = en;
			hasScannedForEncodings = 0;
			knownRegions = (en, Base,);
			mainGroup = C10000000000000000000001;
			packageReferences = (H10000000000000000000001 /* XCLocalSwiftPackageReference "." */,);
			productRefGroup = C10000000000000000000002 /* Products */;
			projectDirPath = "";
			projectRoot = "";
			targets = (E10000000000000000000001 /* ZodiacDaily */,);
		};
/* End PBXProject section */

/* Begin PBXResourcesBuildPhase section */
		D10000000000000000000003 /* Resources */ = {isa = PBXResourcesBuildPhase; buildActionMask = 2147483647; files = (A1000000000000000000000B /* PrivacyInfo.xcprivacy in Resources */, A1000000000000000000000F /* Assets.xcassets in Resources */,); runOnlyForDeploymentPostprocessing = 0; };
/* End PBXResourcesBuildPhase section */

/* Begin PBXSourcesBuildPhase section */
		D10000000000000000000002 /* Sources */ = {
			isa = PBXSourcesBuildPhase;
			buildActionMask = 2147483647;
			files = (
				A10000000000000000000001 /* ZodiacDailyApp.swift in Sources */,
				A1000000000000000000000C /* AppConfiguration.swift in Sources */,
				A10000000000000000000002 /* AppModel.swift in Sources */,
				A10000000000000000000003 /* RootView.swift in Sources */,
				A10000000000000000000004 /* ZodiacPalette.swift in Sources */,
				A10000000000000000000005 /* TodayView.swift in Sources */,
				A10000000000000000000006 /* DailyCardView.swift in Sources */,
				A10000000000000000000007 /* SignSelectionView.swift in Sources */,
				A10000000000000000000008 /* SavedView.swift in Sources */,
				A10000000000000000000009 /* SettingsView.swift in Sources */,
				A1000000000000000000000D /* SupportStore.swift in Sources */,
				A1000000000000000000000E /* SupportSectionView.swift in Sources */,
			);
			runOnlyForDeploymentPostprocessing = 0;
		};
/* End PBXSourcesBuildPhase section */

/* Begin XCBuildConfiguration section */
		F10000000000000000000001 /* Debug */ = {isa = XCBuildConfiguration; buildSettings = {CLANG_ENABLE_MODULES = YES; IPHONEOS_DEPLOYMENT_TARGET = 16.0; SDKROOT = iphoneos; SWIFT_ACTIVE_COMPILATION_CONDITIONS = DEBUG; SWIFT_VERSION = 5.0; }; name = Debug; };
		F10000000000000000000002 /* Release */ = {isa = XCBuildConfiguration; buildSettings = {CLANG_ENABLE_MODULES = YES; IPHONEOS_DEPLOYMENT_TARGET = 16.0; SDKROOT = iphoneos; SWIFT_COMPILATION_MODE = wholemodule; SWIFT_VERSION = 5.0; VALIDATE_PRODUCT = YES; }; name = Release; };
		F10000000000000000000003 /* Debug */ = {
			isa = XCBuildConfiguration;
			buildSettings = {
				ASSETCATALOG_COMPILER_APPICON_NAME = AppIcon;
				ASSETCATALOG_COMPILER_GENERATE_SWIFT_ASSET_SYMBOL_EXTENSIONS = YES;
				CODE_SIGN_STYLE = Automatic;
				CURRENT_PROJECT_VERSION = 1;
				DEVELOPMENT_TEAM = "";
				GENERATE_INFOPLIST_FILE = YES;
				INFOPLIST_KEY_CFBundleDisplayName = "Zodiac Daily";
				INFOPLIST_KEY_ITSAppUsesNonExemptEncryption = NO;
				INFOPLIST_KEY_ZodiacDailyAPIBaseURL = "$(ZODIAC_DAILY_API_BASE_URL)";
				INFOPLIST_KEY_ZodiacDailyAppStoreID = "$(ZODIAC_DAILY_APP_STORE_ID)";
				INFOPLIST_KEY_LSApplicationCategoryType = "public.app-category.lifestyle";
				INFOPLIST_KEY_UIApplicationSceneManifest_Generation = YES;
				INFOPLIST_KEY_UILaunchScreen_Generation = YES;
				INFOPLIST_KEY_UIRequiresFullScreen = YES;
				MARKETING_VERSION = 0.1.1;
				PRODUCT_BUNDLE_IDENTIFIER = com.krazel.zodiacdaily;
				PRODUCT_NAME = "$(TARGET_NAME)";
				SUPPORTED_PLATFORMS = "iphoneos iphonesimulator";
				SUPPORTS_MACCATALYST = NO;
				SWIFT_EMIT_LOC_STRINGS = YES;
				SWIFT_VERSION = 5.0;
				TARGETED_DEVICE_FAMILY = 1;
				ZODIAC_DAILY_API_BASE_URL = "https://zodiac-daily-content.krazel-zodiac-daily.workers.dev";
				ZODIAC_DAILY_APP_STORE_ID = 6800136195;
			};
			name = Debug;
		};
		F10000000000000000000004 /* Release */ = {
			isa = XCBuildConfiguration;
			buildSettings = {
				ASSETCATALOG_COMPILER_APPICON_NAME = AppIcon;
				ASSETCATALOG_COMPILER_GENERATE_SWIFT_ASSET_SYMBOL_EXTENSIONS = YES;
				CODE_SIGN_IDENTITY = "Apple Distribution";
				CODE_SIGN_STYLE = Manual;
				CURRENT_PROJECT_VERSION = 1;
				DEVELOPMENT_TEAM = B2X6D3A9J9;
				GENERATE_INFOPLIST_FILE = YES;
				INFOPLIST_KEY_CFBundleDisplayName = "Zodiac Daily";
				INFOPLIST_KEY_ITSAppUsesNonExemptEncryption = NO;
				INFOPLIST_KEY_ZodiacDailyAPIBaseURL = "$(ZODIAC_DAILY_API_BASE_URL)";
				INFOPLIST_KEY_ZodiacDailyAppStoreID = "$(ZODIAC_DAILY_APP_STORE_ID)";
				INFOPLIST_KEY_LSApplicationCategoryType = "public.app-category.lifestyle";
				INFOPLIST_KEY_UIApplicationSceneManifest_Generation = YES;
				INFOPLIST_KEY_UILaunchScreen_Generation = YES;
				INFOPLIST_KEY_UIRequiresFullScreen = YES;
				MARKETING_VERSION = 0.1.1;
				PRODUCT_BUNDLE_IDENTIFIER = com.krazel.zodiacdaily;
				PRODUCT_NAME = "$(TARGET_NAME)";
				PROVISIONING_PROFILE_SPECIFIER = "Zodiac Daily App Store 2026-08-11";
				SUPPORTED_PLATFORMS = "iphoneos iphonesimulator";
				SUPPORTS_MACCATALYST = NO;
				SWIFT_EMIT_LOC_STRINGS = YES;
				SWIFT_VERSION = 5.0;
				TARGETED_DEVICE_FAMILY = 1;
				ZODIAC_DAILY_API_BASE_URL = "https://zodiac-daily-content.krazel-zodiac-daily.workers.dev";
				ZODIAC_DAILY_APP_STORE_ID = 6800136195;
			};
			name = Release;
		};
/* End XCBuildConfiguration section */

/* Begin XCConfigurationList section */
		G10000000000000000000001 /* Build configuration list for PBXProject "ZodiacDaily" */ = {isa = XCConfigurationList; buildConfigurations = (F10000000000000000000001 /* Debug */, F10000000000000000000002 /* Release */,); defaultConfigurationIsVisible = 0; defaultConfigurationName = Release; };
		G10000000000000000000002 /* Build configuration list for PBXNativeTarget "ZodiacDaily" */ = {isa = XCConfigurationList; buildConfigurations = (F10000000000000000000003 /* Debug */, F10000000000000000000004 /* Release */,); defaultConfigurationIsVisible = 0; defaultConfigurationName = Release; };
/* End XCConfigurationList section */

/* Begin XCLocalSwiftPackageReference section */
		H10000000000000000000001 /* XCLocalSwiftPackageReference "." */ = {isa = XCLocalSwiftPackageReference; relativePath = "."; };
/* End XCLocalSwiftPackageReference section */

/* Begin XCSwiftPackageProductDependency section */
		I10000000000000000000001 /* ZodiacDailyCore */ = {isa = XCSwiftPackageProductDependency; package = H10000000000000000000001 /* XCLocalSwiftPackageReference "." */; productName = ZodiacDailyCore; };
/* End XCSwiftPackageProductDependency section */
	};
	rootObject = E10000000000000000000002 /* Project object */;
}
